<?xml version="1.0" encoding="utf-8"?>
<Project ToolsVersion="4.0" xmlns="http://schemas.microsoft.com/developer/msbuild/2003">
  <ItemGroup>
    <ClInclude Include="Windows\WinInclude.h" />
    <ClInclude Include="Windows\EntryPoint.cpp" />
    <ClInclude Include="Application\Application.h" />
    <ClInclude Include="Windows\Window.h" />
    <ClInclude Include="Common\CommonHeaders.h" />
    <ClInclude Include="Common\CronoException.h" />
    <ClInclude Include="Windows\Keyboard.h" />
    <ClInclude Include="Windows\Mouse.h" />
    <ClInclude Include="Scene\Scene.h" />
    <ClInclude Include="Scene\Entity\Component\TransformComponent.h" />
    <ClInclude Include="Project\Project.h" />
    <ClInclude Include="Graphics\Renderer.h" />
    <ClInclude Include="Graphics\DX12\DX12Core.h" />
    <ClInclude Include="Graphics\DX12\DX12CommonIncludes.h" />
    <ClInclude Include="Graphics\DX12\DX12Utility.h" />
    <ClInclude Include="Common\Helpers.h" />
    <ClInclude Include="Graphics\DX12\d3dx12.h" />
    <ClInclude Include="Graphics\DX12\d3dx12_barriers.h" />
    <ClInclude Include="Graphics\DX12\d3dx12_core.h" />
    <ClInclude Include="Graphics\DX12\d3dx12_default.h" />
    <ClInclude Include="Graphics\DX12\d3dx12_pipeline_state_stream.h" />
    <ClInclude Include="Graphics\DX12\d3dx12_render_pass.h" />
    <ClInclude Include="Graphics\DX12\d3dx12_resource_helpers.h" />
    <ClInclude Include="Graphics\DX12\d3dx12_root_signature.h" />
    <ClInclude Include="Graphics\DX12\d3dx12_property_format_table.h" />
    <ClInclude Include="Graphics\DX12\d3dx12_state_object.h" />
    <ClInclude Include="Graphics\DX12\d3dx12_check_feature_support.h" />
    <ClInclude Include="imgui\imconfig.h" />
    <ClInclude Include="imgui\imgui.h" />
    <ClInclude Include="imgui\imgui_impl_dx12.h" />
    <ClInclude Include="imgui\imgui_impl_win32.h" />
    <ClInclude Include="imgui\imgui_internal.h" />
    <ClInclude Include="imgui\imstb_rectpack.h" />
    <ClInclude Include="imgui\imstb_textedit.h" />
    <ClInclude Include="imgui\imstb_truetype.h" />
    <ClInclude Include="Graphics\DX12\CommandQueue.h" />
  </ItemGroup>
  <ItemGroup>
    <ClCompile Include="Application\Application.cpp" />
    <ClCompile Include="Windows\Window.cpp" />
    <ClCompile Include="Common\CronoException.cpp" />
    <ClCompile Include="Windows\Keyboard.cpp" />
    <ClCompile Include="Windows\Mouse.cpp" />
    <ClCompile Include="Scene\Scene.cpp" />
    <ClCompile Include="Project\Project.cpp" />
    <ClCompile Include="Graphics\Renderer.cpp" />
    <ClCompile Include="Graphics\DX12\DX12Core.cpp" />
    <ClCompile Include="Graphics\DX12\DX12Utility.cpp" />
    <ClCompile Include="imgui\imgui.cpp" />
    <ClCompile Include="imgui\imgui_demo.cpp" />
    <ClCompile Include="imgui\imgui_draw.cpp" />
    <ClCompile Include="imgui\imgui_impl_dx12.cpp" />
    <ClCompile Include="imgui\imgui_impl_win32.cpp" />
    <ClCompile Include="imgui\imgui_tables.cpp" />
    <ClCompile Include="imgui\imgui_widgets.cpp" />
    <ClCompile Include="Graphics\DX12\CommandQueue.cpp" />
  </ItemGroup>
  <ItemGroup>
    <FxCompile Include="Graphics\Shaders\VertexShader.hlsl" />
  </ItemGroup>
</Project>